
Microsoft Visual Studio Solution File, Format Version 12.00
# Visual Studio Version 17
VisualStudioVersion = 17.10.34916.146
MinimumVisualStudioVersion = 10.0.40219.1
Project("{FAE04EC0-301F-11D3-BF4B-00C04F79EFBC}") = "Ex01_02", "Ex01_02\Ex01_02.csproj", "{24C21558-77D2-4575-AA8D-F1CF4B7338ED}"
EndProject
Project("{FAE04EC0-301F-11D3-BF4B-00C04F79EFBC}") = "Ex01_03", "Ex01_03\Ex01_03.csproj", "{32C80CED-8CE7-447D-9CBB-07BC256A16C1}"
EndProject
Project("{FAE04EC0-301F-11D3-BF4B-00C04F79EFBC}") = "Ex01_01", "Ex01_01\Ex01_01.csproj", "{A19F4FDD-5591-4EBD-8E2C-F30355968215}"
EndProject
Project("{FAE04EC0-301F-11D3-BF4B-00C04F79EFBC}") = "Ex01_04", "Ex01_04\Ex01_04.csproj", "{D488B83E-BD74-456E-899D-240C9FE71BF1}"
EndProject
Project("{FAE04EC0-301F-11D3-BF4B-00C04F79EFBC}") = "Ex01_05", "Ex01_05\Ex01_05.csproj", "{1B9CECCD-C569-4DF0-8F3E-DB09EB839787}"
EndProject
Global
	GlobalSection(SolutionConfigurationPlatforms) = preSolution
		Debug|Any CPU = Debug|Any CPU
		Release|Any CPU = Release|Any CPU
	EndGlobalSection
	GlobalSection(ProjectConfigurationPlatforms) = postSolution
		{24C21558-77D2-4575-AA8D-F1CF4B7338ED}.Debug|Any CPU.ActiveCfg = Debug|Any CPU
		{24C21558-77D2-4575-AA8D-F1CF4B7338ED}.Debug|Any CPU.Build.0 = Debug|Any CPU
		{24C21558-77D2-4575-AA8D-F1CF4B7338ED}.Release|Any CPU.ActiveCfg = Release|Any CPU
		{24C21558-77D2-4575-AA8D-F1CF4B7338ED}.Release|Any CPU.Build.0 = Release|Any CPU
		{32C80CED-8CE7-447D-9CBB-07BC256A16C1}.Debug|Any CPU.ActiveCfg = Debug|Any CPU
		{32C80CED-8CE7-447D-9CBB-07BC256A16C1}.Debug|Any CPU.Build.0 = Debug|Any CPU
		{32C80CED-8CE7-447D-9CBB-07BC256A16C1}.Release|Any CPU.ActiveCfg = Release|Any CPU
		{32C80CED-8CE7-447D-9CBB-07BC256A16C1}.Release|Any CPU.Build.0 = Release|Any CPU
		{A19F4FDD-5591-4EBD-8E2C-F30355968215}.Debug|Any CPU.ActiveCfg = Debug|Any CPU
		{A19F4FDD-5591-4EBD-8E2C-F30355968215}.Debug|Any CPU.Build.0 = Debug|Any CPU
		{A19F4FDD-5591-4EBD-8E2C-F30355968215}.Release|Any CPU.ActiveCfg = Release|Any CPU
		{A19F4FDD-5591-4EBD-8E2C-F30355968215}.Release|Any CPU.Build.0 = Release|Any CPU
		{D488B83E-BD74-456E-899D-240C9FE71BF1}.Debug|Any CPU.ActiveCfg = Debug|Any CPU
		{D488B83E-BD74-456E-899D-240C9FE71BF1}.Debug|Any CPU.Build.0 = Debug|Any CPU
		{D488B83E-BD74-456E-899D-240C9FE71BF1}.Release|Any CPU.ActiveCfg = Release|Any CPU
		{D488B83E-BD74-456E-899D-240C9FE71BF1}.Release|Any CPU.Build.0 = Release|Any CPU
		{1B9CECCD-C569-4DF0-8F3E-DB09EB839787}.Debug|Any CPU.ActiveCfg = Debug|Any CPU
		{1B9CECCD-C569-4DF0-8F3E-DB09EB839787}.Debug|Any CPU.Build.0 = Debug|Any CPU
		{1B9CECCD-C569-4DF0-8F3E-DB09EB839787}.Release|Any CPU.ActiveCfg = Release|Any CPU
		{1B9CECCD-C569-4DF0-8F3E-DB09EB839787}.Release|Any CPU.Build.0 = Release|Any CPU
	EndGlobalSection
	GlobalSection(SolutionProperties) = preSolution
		HideSolutionNode = FALSE
	EndGlobalSection
	GlobalSection(ExtensibilityGlobals) = postSolution
		SolutionGuid = {2E944F3D-8CA5-4C2E-9145-D79F96CEE85C}
	EndGlobalSection
EndGlobal
